
Microsoft Visual Studio Solution File, Format Version 12.00
# Visual Studio 2013
VisualStudioVersion = 12.0.30723.0
MinimumVisualStudioVersion = 10.0.40219.1
Project("{FAE04EC0-301F-11D3-BF4B-00C04F79EFBC}") = "HelloWebForms", "02. ASP.NET-Web-Forms-Intro\HelloWebForms.csproj", "{A7A3B826-0C8E-4418-BB9C-3A27DC558C02}"
EndProject
Project("{FAE04EC0-301F-11D3-BF4B-00C04F79EFBC}") = "HelloYou", "HelloYou\HelloYou.csproj", "{D4E90FE4-3AE2-4281-80BD-CD1112E21E04}"
EndProject
Project("{FAE04EC0-301F-11D3-BF4B-00C04F79EFBC}") = "DumpPageEvents", "DumpPageEvents\DumpPageEvents.csproj", "{EA1D9ED7-FA62-44B4-8AD5-9507D126500E}"
EndProject
Project("{2150E333-8FDC-42A3-9474-1A3956D46DE8}") = ".nuget", ".nuget", "{21603CA8-770C-4E49-84DD-7C5DA2F28AD0}"
	ProjectSection(SolutionItems) = preProject
		.nuget\NuGet.Config = .nuget\NuGet.Config
		.nuget\NuGet.exe = .nuget\NuGet.exe
		.nuget\NuGet.targets = .nuget\NuGet.targets
	EndProjectSection
EndProject
Global
	GlobalSection(SolutionConfigurationPlatforms) = preSolution
		Debug|Any CPU = Debug|Any CPU
		Release|Any CPU = Release|Any CPU
	EndGlobalSection
	GlobalSection(ProjectConfigurationPlatforms) = postSolution
		{A7A3B826-0C8E-4418-BB9C-3A27DC558C02}.Debug|Any CPU.ActiveCfg = Debug|Any CPU
		{A7A3B826-0C8E-4418-BB9C-3A27DC558C02}.Debug|Any CPU.Build.0 = Debug|Any CPU
		{A7A3B826-0C8E-4418-BB9C-3A27DC558C02}.Release|Any CPU.ActiveCfg = Release|Any CPU
		{A7A3B826-0C8E-4418-BB9C-3A27DC558C02}.Release|Any CPU.Build.0 = Release|Any CPU
		{D4E90FE4-3AE2-4281-80BD-CD1112E21E04}.Debug|Any CPU.ActiveCfg = Debug|Any CPU
		{D4E90FE4-3AE2-4281-80BD-CD1112E21E04}.Debug|Any CPU.Build.0 = Debug|Any CPU
		{D4E90FE4-3AE2-4281-80BD-CD1112E21E04}.Release|Any CPU.ActiveCfg = Release|Any CPU
		{D4E90FE4-3AE2-4281-80BD-CD1112E21E04}.Release|Any CPU.Build.0 = Release|Any CPU
		{EA1D9ED7-FA62-44B4-8AD5-9507D126500E}.Debug|Any CPU.ActiveCfg = Debug|Any CPU
		{EA1D9ED7-FA62-44B4-8AD5-9507D126500E}.Debug|Any CPU.Build.0 = Debug|Any CPU
		{EA1D9ED7-FA62-44B4-8AD5-9507D126500E}.Release|Any CPU.ActiveCfg = Release|Any CPU
		{EA1D9ED7-FA62-44B4-8AD5-9507D126500E}.Release|Any CPU.Build.0 = Release|Any CPU
	EndGlobalSection
	GlobalSection(SolutionProperties) = preSolution
		HideSolutionNode = FALSE
	EndGlobalSection
EndGlobal
