
Microsoft Visual Studio Solution File, Format Version 12.00
# Visual Studio 2012
Project("{FAE04EC0-301F-11D3-BF4B-00C04F79EFBC}") = "01. School", "01. School\01. School.csproj", "{01F6BE55-13E7-459C-BDDD-CA8A4B441EA6}"
EndProject
Project("{FAE04EC0-301F-11D3-BF4B-00C04F79EFBC}") = "02. Humans", "02. Humans\02. Humans.csproj", "{0D8D54F9-6509-43BB-B8A7-0D89CD290379}"
EndProject
Project("{FAE04EC0-301F-11D3-BF4B-00C04F79EFBC}") = "03. Animals", "03. Animals\03. Animals.csproj", "{4BECD05C-E7C3-4AEB-8A89-900C9B95D22D}"
EndProject
Global
	GlobalSection(SolutionConfigurationPlatforms) = preSolution
		Debug|Any CPU = Debug|Any CPU
		Release|Any CPU = Release|Any CPU
	EndGlobalSection
	GlobalSection(ProjectConfigurationPlatforms) = postSolution
		{01F6BE55-13E7-459C-BDDD-CA8A4B441EA6}.Debug|Any CPU.ActiveCfg = Debug|Any CPU
		{01F6BE55-13E7-459C-BDDD-CA8A4B441EA6}.Debug|Any CPU.Build.0 = Debug|Any CPU
		{01F6BE55-13E7-459C-BDDD-CA8A4B441EA6}.Release|Any CPU.ActiveCfg = Release|Any CPU
		{01F6BE55-13E7-459C-BDDD-CA8A4B441EA6}.Release|Any CPU.Build.0 = Release|Any CPU
		{0D8D54F9-6509-43BB-B8A7-0D89CD290379}.Debug|Any CPU.ActiveCfg = Debug|Any CPU
		{0D8D54F9-6509-43BB-B8A7-0D89CD290379}.Debug|Any CPU.Build.0 = Debug|Any CPU
		{0D8D54F9-6509-43BB-B8A7-0D89CD290379}.Release|Any CPU.ActiveCfg = Release|Any CPU
		{0D8D54F9-6509-43BB-B8A7-0D89CD290379}.Release|Any CPU.Build.0 = Release|Any CPU
		{4BECD05C-E7C3-4AEB-8A89-900C9B95D22D}.Debug|Any CPU.ActiveCfg = Debug|Any CPU
		{4BECD05C-E7C3-4AEB-8A89-900C9B95D22D}.Debug|Any CPU.Build.0 = Debug|Any CPU
		{4BECD05C-E7C3-4AEB-8A89-900C9B95D22D}.Release|Any CPU.ActiveCfg = Release|Any CPU
		{4BECD05C-E7C3-4AEB-8A89-900C9B95D22D}.Release|Any CPU.Build.0 = Release|Any CPU
	EndGlobalSection
	GlobalSection(SolutionProperties) = preSolution
		HideSolutionNode = FALSE
	EndGlobalSection
EndGlobal
